// !$*UTF8*$!
{
	archiveVersion = 1;
	classes = {
	};
	objectVersion = 46;
	objects = {

/* Begin PBXBuildFile section */
		21DF1CE21A5F072A0078B9D5 /* AppDelegate.swift in Sources */ = {isa = PBXBuildFile; fileRef = 21DF1CE11A5F072A0078B9D5 /* AppDelegate.swift */; };
		21DF1CE41A5F072A0078B9D5 /* ViewController.swift in Sources */ = {isa = PBXBuildFile; fileRef = 21DF1CE31A5F072A0078B9D5 /* ViewController.swift */; };
		21DF1CE71A5F072A0078B9D5 /* Main.storyboard in Resources */ = {isa = PBXBuildFile; fileRef = 21DF1CE51A5F072A0078B9D5 /* Main.storyboard */; };
		21DF1CE91A5F072A0078B9D5 /* Images.xcassets in Resources */ = {isa = PBXBuildFile; fileRef = 21DF1CE81A5F072A0078B9D5 /* Images.xcassets */; };
		21DF1CEC1A5F072A0078B9D5 /* LaunchScreen.xib in Resources */ = {isa = PBXBuildFile; fileRef = 21DF1CEA1A5F072A0078B9D5 /* LaunchScreen.xib */; };
		21DF1CF81A5F072A0078B9D5 /* Tara_Tip_CalcTests.swift in Sources */ = {isa = PBXBuildFile; fileRef = 21DF1CF71A5F072A0078B9D5 /* Tara_Tip_CalcTests.swift */; };
/* End PBXBuildFile section */

/* Begin PBXContainerItemProxy section */
		21DF1CF21A5F072A0078B9D5 /* PBXContainerItemProxy */ = {
			isa = PBXContainerItemProxy;
			containerPortal = 21DF1CD41A5F072A0078B9D5 /* Project object */;
			proxyType = 1;
			remoteGlobalIDString = 21DF1CDB1A5F072A0078B9D5;
			remoteInfo = Tara_Tip_Calc;
		};
/* End PBXContainerItemProxy section */

/* Begin PBXFileReference section */
		21DF1CDC1A5F072A0078B9D5 /* Tara_Tip_Calc.app */ = {isa = PBXFileReference; explicitFileType = wrapper.application; includeInIndex = 0; path = Tara_Tip_Calc.app; sourceTree = BUILT_PRODUCTS_DIR; };
		21DF1CE01A5F072A0078B9D5 /* Info.plist */ = {isa = PBXFileReference; lastKnownFileType = text.plist.xml; path = Info.plist; sourceTree = "<group>"; };
		21DF1CE11A5F072A0078B9D5 /* AppDelegate.swift */ = {isa = PBXFileReference; lastKnownFileType = sourcecode.swift; path = AppDelegate.swift; sourceTree = "<group>"; };
		21DF1CE31A5F072A0078B9D5 /* ViewController.swift */ = {isa = PBXFileReference; lastKnownFileType = sourcecode.swift; path = ViewController.swift; sourceTree = "<group>"; };
		21DF1CE61A5F072A0078B9D5 /* Base */ = {isa = PBXFileReference; lastKnownFileType = file.storyboard; name = Base; path = Base.lproj/Main.storyboard; sourceTree = "<group>"; };
		21DF1CE81A5F072A0078B9D5 /* Images.xcassets */ = {isa = PBXFileReference; lastKnownFileType = folder.assetcatalog; path = Images.xcassets; sourceTree = "<group>"; };
		21DF1CEB1A5F072A0078B9D5 /* Base */ = {isa = PBXFileReference; lastKnownFileType = file.xib; name = Base; path = Base.lproj/LaunchScreen.xib; sourceTree = "<group>"; };
		21DF1CF11A5F072A0078B9D5 /* Tara_Tip_CalcTests.xctest */ = {isa = PBXFileReference; explicitFileType = wrapper.cfbundle; includeInIndex = 0; path = Tara_Tip_CalcTests.xctest; sourceTree = BUILT_PRODUCTS_DIR; };
		21DF1CF61A5F072A0078B9D5 /* Info.plist */ = {isa = PBXFileReference; lastKnownFileType = text.plist.xml; path = Info.plist; sourceTree = "<group>"; };
		21DF1CF71A5F072A0078B9D5 /* Tara_Tip_CalcTests.swift */ = {isa = PBXFileReference; lastKnownFileType = sourcecode.swift; path = Tara_Tip_CalcTests.swift; sourceTree = "<group>"; };
/* End PBXFileReference section */

/* Begin PBXFrameworksBuildPhase section */
		21DF1CD91A5F072A0078B9D5 /* Frameworks */ = {
			isa = PBXFrameworksBuildPhase;
			buildActionMask = 2147483647;
			files = (
			);
			runOnlyForDeploymentPostprocessing = 0;
		};
		21DF1CEE1A5F072A0078B9D5 /* Frameworks */ = {
			isa = PBXFrameworksBuildPhase;
			buildActionMask = 2147483647;
			files = (
			);
			runOnlyForDeploymentPostprocessing = 0;
		};
/* End PBXFrameworksBuildPhase section */

/* Begin PBXGroup section */
		21DF1CD31A5F072A0078B9D5 = {
			isa = PBXGroup;
			children = (
				21DF1CDE1A5F072A0078B9D5 /* Tara_Tip_Calc */,
				21DF1CF41A5F072A0078B9D5 /* Tara_Tip_CalcTests */,
				21DF1CDD1A5F072A0078B9D5 /* Products */,
			);
			sourceTree = "<group>";
		};
		21DF1CDD1A5F072A0078B9D5 /* Products */ = {
			isa = PBXGroup;
			children = (
				21DF1CDC1A5F072A0078B9D5 /* Tara_Tip_Calc.app */,
				21DF1CF11A5F072A0078B9D5 /* Tara_Tip_CalcTests.xctest */,
			);
			name = Products;
			sourceTree = "<group>";
		};
		21DF1CDE1A5F072A0078B9D5 /* Tara_Tip_Calc */ = {
			isa = PBXGroup;
			children = (
				21DF1CE11A5F072A0078B9D5 /* AppDelegate.swift */,
				21DF1CE31A5F072A0078B9D5 /* ViewController.swift */,
				21DF1CE51A5F072A0078B9D5 /* Main.storyboard */,
				21DF1CE81A5F072A0078B9D5 /* Images.xcassets */,
				21DF1CEA1A5F072A0078B9D5 /* LaunchScreen.xib */,
				21DF1CDF1A5F072A0078B9D5 /* Supporting Files */,
			);
			path = Tara_Tip_Calc;
			sourceTree = "<group>";
		};
		21DF1CDF1A5F072A0078B9D5 /* Supporting Files */ = {
			isa = PBXGroup;
			children = (
				21DF1CE01A5F072A0078B9D5 /* Info.plist */,
			);
			name = "Supporting Files";
			sourceTree = "<group>";
		};
		21DF1CF41A5F072A0078B9D5 /* Tara_Tip_CalcTests */ = {
			isa = PBXGroup;
			children = (
				21DF1CF71A5F072A0078B9D5 /* Tara_Tip_CalcTests.swift */,
				21DF1CF51A5F072A0078B9D5 /* Supporting Files */,
			);
			path = Tara_Tip_CalcTests;
			sourceTree = "<group>";
		};
		21DF1CF51A5F072A0078B9D5 /* Supporting Files */ = {
			isa = PBXGroup;
			children = (
				21DF1CF61A5F072A0078B9D5 /* Info.plist */,
			);
			name = "Supporting Files";
			sourceTree = "<group>";
		};
/* End PBXGroup section */

/* Begin PBXNativeTarget section */
		21DF1CDB1A5F072A0078B9D5 /* Tara_Tip_Calc */ = {
			isa = PBXNativeTarget;
			buildConfigurationList = 21DF1CFB1A5F072A0078B9D5 /* Build configuration list for PBXNativeTarget "Tara_Tip_Calc" */;
			buildPhases = (
				21DF1CD81A5F072A0078B9D5 /* Sources */,
				21DF1CD91A5F072A0078B9D5 /* Frameworks */,
				21DF1CDA1A5F072A0078B9D5 /* Resources */,
			);
			buildRules = (
			);
			dependencies = (
			);
			name = Tara_Tip_Calc;
			productName = Tara_Tip_Calc;
			productReference = 21DF1CDC1A5F072A0078B9D5 /* Tara_Tip_Calc.app */;
			productType = "com.apple.product-type.application";
		};
		21DF1CF01A5F072A0078B9D5 /* Tara_Tip_CalcTests */ = {
			isa = PBXNativeTarget;
			buildConfigurationList = 21DF1CFE1A5F072A0078B9D5 /* Build configuration list for PBXNativeTarget "Tara_Tip_CalcTests" */;
			buildPhases = (
				21DF1CED1A5F072A0078B9D5 /* Sources */,
				21DF1CEE1A5F072A0078B9D5 /* Frameworks */,
				21DF1CEF1A5F072A0078B9D5 /* Resources */,
			);
			buildRules = (
			);
			dependencies = (
				21DF1CF31A5F072A0078B9D5 /* PBXTargetDependency */,
			);
			name = Tara_Tip_CalcTests;
			productName = Tara_Tip_CalcTests;
			productReference = 21DF1CF11A5F072A0078B9D5 /* Tara_Tip_CalcTests.xctest */;
			productType = "com.apple.product-type.bundle.unit-test";
		};
/* End PBXNativeTarget section */

/* Begin PBXProject section */
		21DF1CD41A5F072A0078B9D5 /* Project object */ = {
			isa = PBXProject;
			attributes = {
				LastUpgradeCheck = 0610;
				ORGANIZATIONNAME = "Tara Rezvani";
				TargetAttributes = {
					21DF1CDB1A5F072A0078B9D5 = {
						CreatedOnToolsVersion = 6.1.1;
					};
					21DF1CF01A5F072A0078B9D5 = {
						CreatedOnToolsVersion = 6.1.1;
						TestTargetID = 21DF1CDB1A5F072A0078B9D5;
					};
				};
			};
			buildConfigurationList = 21DF1CD71A5F072A0078B9D5 /* Build configuration list for PBXProject "Tara_Tip_Calc" */;
			compatibilityVersion = "Xcode 3.2";
			developmentRegion = English;
			hasScannedForEncodings = 0;
			knownRegions = (
				en,
				Base,
			);
			mainGroup = 21DF1CD31A5F072A0078B9D5;
			productRefGroup = 21DF1CDD1A5F072A0078B9D5 /* Products */;
			projectDirPath = "";
			projectRoot = "";
			targets = (
				21DF1CDB1A5F072A0078B9D5 /* Tara_Tip_Calc */,
				21DF1CF01A5F072A0078B9D5 /* Tara_Tip_CalcTests */,
			);
		};
/* End PBXProject section */

/* Begin PBXResourcesBuildPhase section */
		21DF1CDA1A5F072A0078B9D5 /* Resources */ = {
			isa = PBXResourcesBuildPhase;
			buildActionMask = 2147483647;
			files = (
				21DF1CE71A5F072A0078B9D5 /* Main.storyboard in Resources */,
				21DF1CEC1A5F072A0078B9D5 /* LaunchScreen.xib in Resources */,
				21DF1CE91A5F072A0078B9D5 /* Images.xcassets in Resources */,
			);
			runOnlyForDeploymentPostprocessing = 0;
		};
		21DF1CEF1A5F072A0078B9D5 /* Resources */ = {
			isa = PBXResourcesBuildPhase;
			buildActionMask = 2147483647;
			files = (
			);
			runOnlyForDeploymentPostprocessing = 0;
		};
/* End PBXResourcesBuildPhase section */

/* Begin PBXSourcesBuildPhase section */
		21DF1CD81A5F072A0078B9D5 /* Sources */ = {
			isa = PBXSourcesBuildPhase;
			buildActionMask = 2147483647;
			files = (
				21DF1CE41A5F072A0078B9D5 /* ViewController.swift in Sources */,
				21DF1CE21A5F072A0078B9D5 /* AppDelegate.swift in Sources */,
			);
			runOnlyForDeploymentPostprocessing = 0;
		};
		21DF1CED1A5F072A0078B9D5 /* Sources */ = {
			isa = PBXSourcesBuildPhase;
			buildActionMask = 2147483647;
			files = (
				21DF1CF81A5F072A0078B9D5 /* Tara_Tip_CalcTests.swift in Sources */,
			);
			runOnlyForDeploymentPostprocessing = 0;
		};
/* End PBXSourcesBuildPhase section */

/* Begin PBXTargetDependency section */
		21DF1CF31A5F072A0078B9D5 /* PBXTargetDependency */ = {
			isa = PBXTargetDependency;
			target = 21DF1CDB1A5F072A0078B9D5 /* Tara_Tip_Calc */;
			targetProxy = 21DF1CF21A5F072A0078B9D5 /* PBXContainerItemProxy */;
		};
/* End PBXTargetDependency section */

/* Begin PBXVariantGroup section */
		21DF1CE51A5F072A0078B9D5 /* Main.storyboard */ = {
			isa = PBXVariantGroup;
			children = (
				21DF1CE61A5F072A0078B9D5 /* Base */,
			);
			name = Main.storyboard;
			sourceTree = "<group>";
		};
		21DF1CEA1A5F072A0078B9D5 /* LaunchScreen.xib */ = {
			isa = PBXVariantGroup;
			children = (
				21DF1CEB1A5F072A0078B9D5 /* Base */,
			);
			name = LaunchScreen.xib;
			sourceTree = "<group>";
		};
/* End PBXVariantGroup section */

/* Begin XCBuildConfiguration section */
		21DF1CF91A5F072A0078B9D5 /* Debug */ = {
			isa = XCBuildConfiguration;
			buildSettings = {
				ALWAYS_SEARCH_USER_PATHS = NO;
				CLANG_CXX_LANGUAGE_STANDARD = "gnu++0x";
				CLANG_CXX_LIBRARY = "libc++";
				CLANG_ENABLE_MODULES = YES;
				CLANG_ENABLE_OBJC_ARC = YES;
				CLANG_WARN_BOOL_CONVERSION = YES;
				CLANG_WARN_CONSTANT_CONVERSION = YES;
				CLANG_WARN_DIRECT_OBJC_ISA_USAGE = YES_ERROR;
				CLANG_WARN_EMPTY_BODY = YES;
				CLANG_WARN_ENUM_CONVERSION = YES;
				CLANG_WARN_INT_CONVERSION = YES;
				CLANG_WARN_OBJC_ROOT_CLASS = YES_ERROR;
				CLANG_WARN_UNREACHABLE_CODE = YES;
				CLANG_WARN__DUPLICATE_METHOD_MATCH = YES;
				"CODE_SIGN_IDENTITY[sdk=iphoneos*]" = "iPhone Developer";
				COPY_PHASE_STRIP = NO;
				ENABLE_STRICT_OBJC_MSGSEND = YES;
				GCC_C_LANGUAGE_STANDARD = gnu99;
				GCC_DYNAMIC_NO_PIC = NO;
				GCC_OPTIMIZATION_LEVEL = 0;
				GCC_PREPROCESSOR_DEFINITIONS = (
					"DEBUG=1",
					"$(inherited)",
				);
				GCC_SYMBOLS_PRIVATE_EXTERN = NO;
				GCC_WARN_64_TO_32_BIT_CONVERSION = YES;
				GCC_WARN_ABOUT_RETURN_TYPE = YES_ERROR;
				GCC_WARN_UNDECLARED_SELECTOR = YES;
				GCC_WARN_UNINITIALIZED_AUTOS = YES_AGGRESSIVE;
				GCC_WARN_UNUSED_FUNCTION = YES;
				GCC_WARN_UNUSED_VARIABLE = YES;
				IPHONEOS_DEPLOYMENT_TARGET = 8.1;
				MTL_ENABLE_DEBUG_INFO = YES;
				ONLY_ACTIVE_ARCH = YES;
				SDKROOT = iphoneos;
				SWIFT_OPTIMIZATION_LEVEL = "-Onone";
			};
			name = Debug;
		};
		21DF1CFA1A5F072A0078B9D5 /* Release */ = {
			isa = XCBuildConfiguration;
			buildSettings = {
				ALWAYS_SEARCH_USER_PATHS = NO;
				CLANG_CXX_LANGUAGE_STANDARD = "gnu++0x";
				CLANG_CXX_LIBRARY = "libc++";
				CLANG_ENABLE_MODULES = YES;
				CLANG_ENABLE_OBJC_ARC = YES;
				CLANG_WARN_BOOL_CONVERSION = YES;
				CLANG_WARN_CONSTANT_CONVERSION = YES;
				CLANG_WARN_DIRECT_OBJC_ISA_USAGE = YES_ERROR;
				CLANG_WARN_EMPTY_BODY = YES;
				CLANG_WARN_ENUM_CONVERSION = YES;
				CLANG_WARN_INT_CONVERSION = YES;
				CLANG_WARN_OBJC_ROOT_CLASS = YES_ERROR;
				CLANG_WARN_UNREACHABLE_CODE = YES;
				CLANG_WARN__DUPLICATE_METHOD_MATCH = YES;
				"CODE_SIGN_IDENTITY[sdk=iphoneos*]" = "iPhone Developer";
				COPY_PHASE_STRIP = YES;
				ENABLE_NS_ASSERTIONS = NO;
				ENABLE_STRICT_OBJC_MSGSEND = YES;
				GCC_C_LANGUAGE_STANDARD = gnu99;
				GCC_WARN_64_TO_32_BIT_CONVERSION = YES;
				GCC_WARN_ABOUT_RETURN_TYPE = YES_ERROR;
				GCC_WARN_UNDECLARED_SELECTOR = YES;
				GCC_WARN_UNINITIALIZED_AUTOS = YES_AGGRESSIVE;
				GCC_WARN_UNUSED_FUNCTION = YES;
				GCC_WARN_UNUSED_VARIABLE = YES;
				IPHONEOS_DEPLOYMENT_TARGET = 8.1;
				MTL_ENABLE_DEBUG_INFO = NO;
				SDKROOT = iphoneos;
				VALIDATE_PRODUCT = YES;
			};
			name = Release;
		};
		21DF1CFC1A5F072A0078B9D5 /* Debug */ = {
			isa = XCBuildConfiguration;
			buildSettings = {
				ASSETCATALOG_COMPILER_APPICON_NAME = AppIcon;
				INFOPLIST_FILE = Tara_Tip_Calc/Info.plist;
				LD_RUNPATH_SEARCH_PATHS = "$(inherited) @executable_path/Frameworks";
				PRODUCT_NAME = "$(TARGET_NAME)";
			};
			name = Debug;
		};
		21DF1CFD1A5F072A0078B9D5 /* Release */ = {
			isa = XCBuildConfiguration;
			buildSettings = {
				ASSETCATALOG_COMPILER_APPICON_NAME = AppIcon;
				INFOPLIST_FILE = Tara_Tip_Calc/Info.plist;
				LD_RUNPATH_SEARCH_PATHS = "$(inherited) @executable_path/Frameworks";
				PRODUCT_NAME = "$(TARGET_NAME)";
			};
			name = Release;
		};
		21DF1CFF1A5F072A0078B9D5 /* Debug */ = {
			isa = XCBuildConfiguration;
			buildSettings = {
				BUNDLE_LOADER = "$(TEST_HOST)";
				FRAMEWORK_SEARCH_PATHS = (
					"$(SDKROOT)/Developer/Library/Frameworks",
					"$(inherited)",
				);
				GCC_PREPROCESSOR_DEFINITIONS = (
					"DEBUG=1",
					"$(inherited)",
				);
				INFOPLIST_FILE = Tara_Tip_CalcTests/Info.plist;
				LD_RUNPATH_SEARCH_PATHS = "$(inherited) @executable_path/Frameworks @loader_path/Frameworks";
				PRODUCT_NAME = "$(TARGET_NAME)";
				TEST_HOST = "$(BUILT_PRODUCTS_DIR)/Tara_Tip_Calc.app/Tara_Tip_Calc";
			};
			name = Debug;
		};
		21DF1D001A5F072A0078B9D5 /* Release */ = {
			isa = XCBuildConfiguration;
			buildSettings = {
				BUNDLE_LOADER = "$(TEST_HOST)";
				FRAMEWORK_SEARCH_PATHS = (
					"$(SDKROOT)/Developer/Library/Frameworks",
					"$(inherited)",
				);
				INFOPLIST_FILE = Tara_Tip_CalcTests/Info.plist;
				LD_RUNPATH_SEARCH_PATHS = "$(inherited) @executable_path/Frameworks @loader_path/Frameworks";
				PRODUCT_NAME = "$(TARGET_NAME)";
				TEST_HOST = "$(BUILT_PRODUCTS_DIR)/Tara_Tip_Calc.app/Tara_Tip_Calc";
			};
			name = Release;
		};
/* End XCBuildConfiguration section */

/* Begin XCConfigurationList section */
		21DF1CD71A5F072A0078B9D5 /* Build configuration list for PBXProject "Tara_Tip_Calc" */ = {
			isa = XCConfigurationList;
			buildConfigurations = (
				21DF1CF91A5F072A0078B9D5 /* Debug */,
				21DF1CFA1A5F072A0078B9D5 /* Release */,
			);
			defaultConfigurationIsVisible = 0;
			defaultConfigurationName = Release;
		};
		21DF1CFB1A5F072A0078B9D5 /* Build configuration list for PBXNativeTarget "Tara_Tip_Calc" */ = {
			isa = XCConfigurationList;
			buildConfigurations = (
				21DF1CFC1A5F072A0078B9D5 /* Debug */,
				21DF1CFD1A5F072A0078B9D5 /* Release */,
			);
			defaultConfigurationIsVisible = 0;
		};
		21DF1CFE1A5F072A0078B9D5 /* Build configuration list for PBXNativeTarget "Tara_Tip_CalcTests" */ = {
			isa = XCConfigurationList;
			buildConfigurations = (
				21DF1CFF1A5F072A0078B9D5 /* Debug */,
				21DF1D001A5F072A0078B9D5 /* Release */,
			);
			defaultConfigurationIsVisible = 0;
		};
/* End XCConfigurationList section */
	};
	rootObject = 21DF1CD41A5F072A0078B9D5 /* Project object */;
}
